
Microsoft Visual Studio Solution File, Format Version 12.00
# Visual Studio Version 17
VisualStudioVersion = 17.9.34728.123
MinimumVisualStudioVersion = 10.0.40219.1
Project("{FAE04EC0-301F-11D3-BF4B-00C04F79EFBC}") = "NorthwindApp", "NorthwindApp\NorthwindApp.csproj", "{0685563D-4742-4503-957B-661789005E08}"
EndProject
Global
	GlobalSection(SolutionConfigurationPlatforms) = preSolution
		Debug|Any CPU = Debug|Any CPU
		Release|Any CPU = Release|Any CPU
	EndGlobalSection
	GlobalSection(ProjectConfigurationPlatforms) = postSolution
		{0685563D-4742-4503-957B-661789005E08}.Debug|Any CPU.ActiveCfg = Debug|Any CPU
		{0685563D-4742-4503-957B-661789005E08}.Debug|Any CPU.Build.0 = Debug|Any CPU
		{0685563D-4742-4503-957B-661789005E08}.Release|Any CPU.ActiveCfg = Release|Any CPU
		{0685563D-4742-4503-957B-661789005E08}.Release|Any CPU.Build.0 = Release|Any CPU
	EndGlobalSection
	GlobalSection(SolutionProperties) = preSolution
		HideSolutionNode = FALSE
	EndGlobalSection
	GlobalSection(ExtensibilityGlobals) = postSolution
		SolutionGuid = {B3E76EE2-7C49-4D56-90D2-84CDD6E442D0}
	EndGlobalSection
EndGlobal
